
Microsoft Visual Studio Solution File, Format Version 12.00
# Visual Studio Version 17
VisualStudioVersion = 17.14.36202.13 d17.14
MinimumVisualStudioVersion = 10.0.40219.1
Project("{FAE04EC0-301F-11D3-BF4B-00C04F79EFBC}") = "CalculadoraDev", "CalculadoraDev\CalculadoraDev.csproj", "{FB938948-9621-4C78-8923-09F9A38C31EF}"
EndProject
Global
	GlobalSection(SolutionConfigurationPlatforms) = preSolution
		Debug|Any CPU = Debug|Any CPU
		Release|Any CPU = Release|Any CPU
	EndGlobalSection
	GlobalSection(ProjectConfigurationPlatforms) = postSolution
		{FB938948-9621-4C78-8923-09F9A38C31EF}.Debug|Any CPU.ActiveCfg = Debug|Any CPU
		{FB938948-9621-4C78-8923-09F9A38C31EF}.Debug|Any CPU.Build.0 = Debug|Any CPU
		{FB938948-9621-4C78-8923-09F9A38C31EF}.Release|Any CPU.ActiveCfg = Release|Any CPU
		{FB938948-9621-4C78-8923-09F9A38C31EF}.Release|Any CPU.Build.0 = Release|Any CPU
	EndGlobalSection
	GlobalSection(SolutionProperties) = preSolution
		HideSolutionNode = FALSE
	EndGlobalSection
	GlobalSection(ExtensibilityGlobals) = postSolution
		SolutionGuid = {E1403168-4686-4A1B-96A5-F72B03CFA432}
	EndGlobalSection
EndGlobal
